github.com/davecgh/go-spew v1.1.2-0.20180830191138-d8f796af33cc h1:U9qPSI2PIWSS1VwoXQT9A3Wy9MM3WgvqSxFWenqJduM=
github.com/pmezard/go-difflib v1.0.1-0.20181226105442-5d4384ee4fb2 h1:Jamvg5psRIccs7FGNTlIRMkT8wgtp5eCXdBlqhYGL6U=
github.com/stretchr/testify v1.9.0 h1:HtqpIVDClZ4nwg75+f6Lvsy/wHu+3BoSGCbBAcpTsTg=
go.uber.org/dig v1.18.0 h1:imUL1UiY0Mg4bqbFfsRQO5G4CGRBec/ZujWTvSVp3pw=
go.uber.org/fx v1.23.0 h1:lIr/gYWQGfTwGcSXWXu4vP5Ws6iqnNEIY+F/aFzCKTg=
go.uber.org/goleak v1.2.0 h1:xqgm/S+aQvhWFTtR0XK3Jvg7z8kGV8P4X14IzwN3Eqk=
go.uber.org/goleak v1.2.0/go.mod h1:XJYK+MuIchqpmGmUSAzotztawfKvYLUIgg7guXrwVUo=
go.uber.org/multierr v1.10.0 h1:S0h4aNzvfcFsC3dRF1jLoaov7oRaKqRGC/pUEJ2yvPQ=
go.uber.org/multierr v1.10.0/go.mod h1:20+QtiLqy0Nd6FdQB9TLXag12DsQkrbs3htMFfDN80Y=
go.uber.org/zap v1.26.0 h1:sI7k6L95XOKS281NhVKOFCUNIvv9e0w4BF8N3u+tCRo=
go.uber.org/zap v1.26.0/go.mod h1:dtElttAiwGvoJ/vj4IwHBS/gXsEu/pZ50mUIRWuG0so=
golang.org/x/sys v0.27.0 h1:wBqf8DvsY9Y/2P8gAfPDEYNuS30J4lPHJxXSb/nJZ+s=
gopkg.in/yaml.v3 v3.0.1 h1:fxVm/GzAzEWqLHuvctI91KS9hhNmmWOoWu0XTYJS7CA=
gopkg.in/yaml.v3 v3.0.1/go.mod h1:K4uyk7z7BCEPqu6E+C64Yfv1cQ7kz7rIZviUmN+EgEM=
